
Microsoft Visual Studio Solution File, Format Version 12.00
# Visual Studio 15
VisualStudioVersion = 15.0.28010.2046
MinimumVisualStudioVersion = 10.0.40219.1
Project("{FAE04EC0-301F-11D3-BF4B-00C04F79EFBC}") = "CSharpRoguelike", "CSharpRoguelike.csproj", "{C03ADE49-96B8-42C3-B3C6-F76EBD16253E}"
EndProject
Global
	GlobalSection(SolutionConfigurationPlatforms) = preSolution
		Debug|Any CPU = Debug|Any CPU
		Release|Any CPU = Release|Any CPU
	EndGlobalSection
	GlobalSection(ProjectConfigurationPlatforms) = postSolution
		{C03ADE49-96B8-42C3-B3C6-F76EBD16253E}.Debug|Any CPU.ActiveCfg = Debug|Any CPU
		{C03ADE49-96B8-42C3-B3C6-F76EBD16253E}.Debug|Any CPU.Build.0 = Debug|Any CPU
		{C03ADE49-96B8-42C3-B3C6-F76EBD16253E}.Release|Any CPU.ActiveCfg = Release|Any CPU
		{C03ADE49-96B8-42C3-B3C6-F76EBD16253E}.Release|Any CPU.Build.0 = Release|Any CPU
	EndGlobalSection
	GlobalSection(SolutionProperties) = preSolution
		HideSolutionNode = FALSE
	EndGlobalSection
	GlobalSection(ExtensibilityGlobals) = postSolution
		SolutionGuid = {8C8D94CF-977D-450D-A607-F59FA10768F6}
	EndGlobalSection
EndGlobal
